
Microsoft Visual Studio Solution File, Format Version 9.00
# Visual Studio 2005
Project("{54435603-DBB4-11D2-8724-00A0C9A8B90C}") = "BPXPinstaller", "BPXPinstaller.vdproj", "{5374B489-41F4-4EF6-AFC7-71D554663C9A}"
EndProject
Global
	GlobalSection(SolutionConfigurationPlatforms) = preSolution
		Debug|Default = Debug|Default
		Release|Default = Release|Default
	EndGlobalSection
	GlobalSection(ProjectConfigurationPlatforms) = postSolution
		{5374B489-41F4-4EF6-AFC7-71D554663C9A}.Debug|Default.ActiveCfg = Debug
		{5374B489-41F4-4EF6-AFC7-71D554663C9A}.Debug|Default.Build.0 = Debug
		{5374B489-41F4-4EF6-AFC7-71D554663C9A}.Release|Default.ActiveCfg = Release
		{5374B489-41F4-4EF6-AFC7-71D554663C9A}.Release|Default.Build.0 = Release
	EndGlobalSection
	GlobalSection(SolutionProperties) = preSolution
		HideSolutionNode = FALSE
	EndGlobalSection
EndGlobal
